
Microsoft Visual Studio Solution File, Format Version 12.00
# Visual Studio Version 16
VisualStudioVersion = 16.0.29519.87
MinimumVisualStudioVersion = 10.0.40219.1
Project("{FAE04EC0-301F-11D3-BF4B-00C04F79EFBC}") = "Week2-GuessNumber", "Week2-GuessNumber\Week2-GuessNumber.csproj", "{EC884D64-467D-48D9-9EAC-A7AA50003621}"
EndProject
Global
	GlobalSection(SolutionConfigurationPlatforms) = preSolution
		Debug|Any CPU = Debug|Any CPU
		Release|Any CPU = Release|Any CPU
	EndGlobalSection
	GlobalSection(ProjectConfigurationPlatforms) = postSolution
		{EC884D64-467D-48D9-9EAC-A7AA50003621}.Debug|Any CPU.ActiveCfg = Debug|Any CPU
		{EC884D64-467D-48D9-9EAC-A7AA50003621}.Debug|Any CPU.Build.0 = Debug|Any CPU
		{EC884D64-467D-48D9-9EAC-A7AA50003621}.Release|Any CPU.ActiveCfg = Release|Any CPU
		{EC884D64-467D-48D9-9EAC-A7AA50003621}.Release|Any CPU.Build.0 = Release|Any CPU
	EndGlobalSection
	GlobalSection(SolutionProperties) = preSolution
		HideSolutionNode = FALSE
	EndGlobalSection
	GlobalSection(ExtensibilityGlobals) = postSolution
		SolutionGuid = {180B47CC-AB53-4094-AE54-4A89084ACC1D}
	EndGlobalSection
EndGlobal
